{
  "name": "my-awesome-site",
  "version": "0.0.1",
  "lockfileVersion": 1,
  "requires": true,
  "dependencies": {
    "bootstrap": {
      "version": "4.3.1",
      "resolved": "https://registry.npmjs.org/bootstrap/-/bootstrap-4.3.1.tgz",
      "integrity": "sha512-rXqOmH1VilAt2DyPzluTi2blhk17bO7ef+zLLPlWvG494pDxcM234pJ8wTc/6R40UWizAIIMgxjvxZg5kmsbag=="
    },
    "lg-fullscreen.js": {
      "version": "1.1.0",
      "resolved": "https://registry.npmjs.org/lg-fullscreen.js/-/lg-fullscreen.js-1.1.0.tgz",
      "integrity": "sha512-/GVqIWyF4+gSeIllPksmpS+ukTljY1xder2Fgn4Y8y7o1yPZY0yuS2JuNMIQspkF0KiZu1PBQOgBUkgQm5eO4w=="
    },
    "lg-thumbnail.js": {
      "version": "1.1.0",
      "resolved": "https://registry.npmjs.org/lg-thumbnail.js/-/lg-thumbnail.js-1.1.0.tgz",
      "integrity": "sha512-QyYrSaT3q003iOjR1AM8+L1Jh3fhpLaNvvRpNLeE+RltjLEJPwIVMVqy1UMb3C7xyWy7TdyOfIKJxsCVP3yIbA=="
    },
    "lg-zoom.js": {
      "version": "1.0.1",
      "resolved": "https://registry.npmjs.org/lg-zoom.js/-/lg-zoom.js-1.0.1.tgz",
      "integrity": "sha1-XhzcV0CfXjMbVz0P2T3CZHnIDN4="
    },
    "lightgallery.js": {
      "version": "1.1.3",
      "resolved": "https://registry.npmjs.org/lightgallery.js/-/lightgallery.js-1.1.3.tgz",
      "integrity": "sha512-eo96ApfhSyb+Gv421ntAKxkw3CvJ9UBF9/XjiUfwz0rNWYszSsauG3se+FL606+wrMpsp/wFweqSMPTzoiLbnQ=="
    }
  }
}
